
Microsoft Visual Studio Solution File, Format Version 12.00
# Visual Studio 15
VisualStudioVersion = 15.0.27130.2026
MinimumVisualStudioVersion = 10.0.40219.1
Project("{FAE04EC0-301F-11D3-BF4B-00C04F79EFBC}") = "Core", "Core\Core.csproj", "{48204C1E-34F2-4B88-A01A-625DD05CB117}"
EndProject
Project("{FAE04EC0-301F-11D3-BF4B-00C04F79EFBC}") = "UnitTests", "UnitTests\UnitTests.csproj", "{4072553E-D04B-47B3-9BDC-9D2CA912744E}"
EndProject
Project("{2150E333-8FDC-42A3-9474-1A3956D46DE8}") = "Solution Items", "Solution Items", "{FE400287-3335-4C00-845C-D7A56196FB1D}"
	ProjectSection(SolutionItems) = preProject
		.BuildProject = .BuildProject
		directory.build.props = directory.build.props
		How to build re-linq.txt = How to build re-linq.txt
		How to Contribute.txt = How to Contribute.txt
	EndProjectSection
EndProject
Project("{2150E333-8FDC-42A3-9474-1A3956D46DE8}") = ".nuget", ".nuget", "{43BF1CA2-F1CA-42E2-B949-7F379CE928E3}"
	ProjectSection(SolutionItems) = preProject
		.nuget\packages.config = .nuget\packages.config
	EndProjectSection
EndProject
Project("{FAE04EC0-301F-11D3-BF4B-00C04F79EFBC}") = "Build", "Build\Build.csproj", "{4F156040-84BC-4FEA-97ED-BEE23B63BEDF}"
EndProject
Project("{FAE04EC0-301F-11D3-BF4B-00C04F79EFBC}") = "Core.Net_4_0", "Core.Net_4_0\Core.Net_4_0.csproj", "{AA6D28CA-A313-4EAB-A21C-961CE7CD7F88}"
EndProject
Project("{FAE04EC0-301F-11D3-BF4B-00C04F79EFBC}") = "UnitTests.Net_4_0", "UnitTests.Net_4_0\UnitTests.Net_4_0.csproj", "{E36A6F6B-E055-434A-8677-FC17D2141FB3}"
EndProject
Project("{FAE04EC0-301F-11D3-BF4B-00C04F79EFBC}") = "Core.Net_3_5", "Core.Net_3_5\Core.Net_3_5.csproj", "{067872A4-604D-4888-9603-1023163B9182}"
EndProject
Project("{FAE04EC0-301F-11D3-BF4B-00C04F79EFBC}") = "UnitTests.Net_3_5", "UnitTests.Net_3_5\UnitTests.Net_3_5.csproj", "{F010A245-CA51-4566-BBA9-69BC1C734BBC}"
EndProject
Project("{FAE04EC0-301F-11D3-BF4B-00C04F79EFBC}") = "Core.Net_4_5", "Core.Net_4_5\Core.Net_4_5.csproj", "{8B8E1924-8200-49BF-B8B4-D97968A834D2}"
EndProject
Project("{FAE04EC0-301F-11D3-BF4B-00C04F79EFBC}") = "UnitTests.Net_4_5", "UnitTests.Net_4_5\UnitTests.Net_4_5.csproj", "{888F6B38-E543-429D-BF47-B6DB380272B3}"
EndProject
Global
	GlobalSection(SolutionConfigurationPlatforms) = preSolution
		Debug|Any CPU = Debug|Any CPU
		Release|Any CPU = Release|Any CPU
	EndGlobalSection
	GlobalSection(ProjectConfigurationPlatforms) = postSolution
		{48204C1E-34F2-4B88-A01A-625DD05CB117}.Debug|Any CPU.ActiveCfg = Debug|Any CPU
		{48204C1E-34F2-4B88-A01A-625DD05CB117}.Debug|Any CPU.Build.0 = Debug|Any CPU
		{48204C1E-34F2-4B88-A01A-625DD05CB117}.Release|Any CPU.ActiveCfg = Release|Any CPU
		{48204C1E-34F2-4B88-A01A-625DD05CB117}.Release|Any CPU.Build.0 = Release|Any CPU
		{4072553E-D04B-47B3-9BDC-9D2CA912744E}.Debug|Any CPU.ActiveCfg = Debug|Any CPU
		{4072553E-D04B-47B3-9BDC-9D2CA912744E}.Debug|Any CPU.Build.0 = Debug|Any CPU
		{4072553E-D04B-47B3-9BDC-9D2CA912744E}.Release|Any CPU.ActiveCfg = Release|Any CPU
		{4072553E-D04B-47B3-9BDC-9D2CA912744E}.Release|Any CPU.Build.0 = Release|Any CPU
		{4F156040-84BC-4FEA-97ED-BEE23B63BEDF}.Debug|Any CPU.ActiveCfg = Debug|Any CPU
		{4F156040-84BC-4FEA-97ED-BEE23B63BEDF}.Release|Any CPU.ActiveCfg = Release|Any CPU
		{AA6D28CA-A313-4EAB-A21C-961CE7CD7F88}.Debug|Any CPU.ActiveCfg = Debug|Any CPU
		{AA6D28CA-A313-4EAB-A21C-961CE7CD7F88}.Debug|Any CPU.Build.0 = Debug|Any CPU
		{AA6D28CA-A313-4EAB-A21C-961CE7CD7F88}.Release|Any CPU.ActiveCfg = Release|Any CPU
		{AA6D28CA-A313-4EAB-A21C-961CE7CD7F88}.Release|Any CPU.Build.0 = Release|Any CPU
		{E36A6F6B-E055-434A-8677-FC17D2141FB3}.Debug|Any CPU.ActiveCfg = Debug|Any CPU
		{E36A6F6B-E055-434A-8677-FC17D2141FB3}.Debug|Any CPU.Build.0 = Debug|Any CPU
		{E36A6F6B-E055-434A-8677-FC17D2141FB3}.Release|Any CPU.ActiveCfg = Release|Any CPU
		{E36A6F6B-E055-434A-8677-FC17D2141FB3}.Release|Any CPU.Build.0 = Release|Any CPU
		{067872A4-604D-4888-9603-1023163B9182}.Debug|Any CPU.ActiveCfg = Debug|Any CPU
		{067872A4-604D-4888-9603-1023163B9182}.Debug|Any CPU.Build.0 = Debug|Any CPU
		{067872A4-604D-4888-9603-1023163B9182}.Release|Any CPU.ActiveCfg = Release|Any CPU
		{067872A4-604D-4888-9603-1023163B9182}.Release|Any CPU.Build.0 = Release|Any CPU
		{F010A245-CA51-4566-BBA9-69BC1C734BBC}.Debug|Any CPU.ActiveCfg = Debug|Any CPU
		{F010A245-CA51-4566-BBA9-69BC1C734BBC}.Debug|Any CPU.Build.0 = Debug|Any CPU
		{F010A245-CA51-4566-BBA9-69BC1C734BBC}.Release|Any CPU.ActiveCfg = Release|Any CPU
		{F010A245-CA51-4566-BBA9-69BC1C734BBC}.Release|Any CPU.Build.0 = Release|Any CPU
		{8B8E1924-8200-49BF-B8B4-D97968A834D2}.Debug|Any CPU.ActiveCfg = Debug|Any CPU
		{8B8E1924-8200-49BF-B8B4-D97968A834D2}.Debug|Any CPU.Build.0 = Debug|Any CPU
		{8B8E1924-8200-49BF-B8B4-D97968A834D2}.Release|Any CPU.ActiveCfg = Release|Any CPU
		{8B8E1924-8200-49BF-B8B4-D97968A834D2}.Release|Any CPU.Build.0 = Release|Any CPU
		{888F6B38-E543-429D-BF47-B6DB380272B3}.Debug|Any CPU.ActiveCfg = Debug|Any CPU
		{888F6B38-E543-429D-BF47-B6DB380272B3}.Debug|Any CPU.Build.0 = Debug|Any CPU
		{888F6B38-E543-429D-BF47-B6DB380272B3}.Release|Any CPU.ActiveCfg = Release|Any CPU
		{888F6B38-E543-429D-BF47-B6DB380272B3}.Release|Any CPU.Build.0 = Release|Any CPU
	EndGlobalSection
	GlobalSection(SolutionProperties) = preSolution
		HideSolutionNode = FALSE
	EndGlobalSection
	GlobalSection(ExtensibilityGlobals) = postSolution
		SolutionGuid = {FBB8D9A9-9E92-4A40-869F-967D2B682AD4}
	EndGlobalSection
EndGlobal
